<?xml version="1.0" encoding="utf-8"?>
<Project ToolsVersion="4.0" xmlns="http://schemas.microsoft.com/developer/msbuild/2003">
  <ItemGroup>
    <Filter Include="资源文件">
      <UniqueIdentifier>{67DA6AB6-F800-4c08-8B7A-83BB121AAD01}</UniqueIdentifier>
      <Extensions>rc;ico;cur;bmp;dlg;rc2;rct;bin;rgs;gif;jpg;jpeg;jpe;resx;tiff;tif;png;wav;mfcribbon-ms</Extensions>
    </Filter>
    <Filter Include="结构型模式">
      <UniqueIdentifier>{8817d366-fe12-4670-8143-0e5c3037317f}</UniqueIdentifier>
    </Filter>
    <Filter Include="创建型模式">
      <UniqueIdentifier>{8da72c62-6f0d-459e-81d6-c406b0f2d5d2}</UniqueIdentifier>
    </Filter>
    <Filter Include="行为模型">
      <UniqueIdentifier>{0629e131-eb16-4018-81bc-121c259a390c}</UniqueIdentifier>
    </Filter>
    <Filter Include="创建型模式\Factory模式">
      <UniqueIdentifier>{85713376-db6f-4429-8a44-fe27bb452294}</UniqueIdentifier>
    </Filter>
    <Filter Include="结构型模式\Bridge模式">
      <UniqueIdentifier>{6760f250-698c-4ac7-8776-4a3096f9e964}</UniqueIdentifier>
    </Filter>
    <Filter Include="行为模型\Template模式">
      <UniqueIdentifier>{9fa1a51a-7336-4cf4-a11d-ef30a3790b4a}</UniqueIdentifier>
    </Filter>
    <Filter Include="结构型模式\Strategy模式">
      <UniqueIdentifier>{6fc6cb6d-14a7-4455-a4e2-08a2e76e6670}</UniqueIdentifier>
    </Filter>
  </ItemGroup>
  <ItemGroup>
    <ClInclude Include="Product.h">
      <Filter>创建型模式\Factory模式</Filter>
    </ClInclude>
    <ClInclude Include="Factory.h">
      <Filter>创建型模式\Factory模式</Filter>
    </ClInclude>
    <ClInclude Include="ConcreteProduct.h">
      <Filter>创建型模式\Factory模式</Filter>
    </ClInclude>
    <ClInclude Include="ConcreteFactory.h">
      <Filter>创建型模式\Factory模式</Filter>
    </ClInclude>
    <ClInclude Include="Abstraction.h">
      <Filter>结构型模式\Bridge模式</Filter>
    </ClInclude>
    <ClInclude Include="AbstractionImp.h">
      <Filter>结构型模式\Bridge模式</Filter>
    </ClInclude>
    <ClInclude Include="ConcreteAbstractionImpA.h">
      <Filter>结构型模式\Bridge模式</Filter>
    </ClInclude>
    <ClInclude Include="ConcreteAbstractionImpB.h">
      <Filter>结构型模式\Bridge模式</Filter>
    </ClInclude>
    <ClInclude Include="RefinedAbstraction.h">
      <Filter>结构型模式\Bridge模式</Filter>
    </ClInclude>
    <ClInclude Include="AbstractClass.h">
      <Filter>行为模型\Template模式</Filter>
    </ClInclude>
    <ClInclude Include="ConcreteClass1.h">
      <Filter>行为模型\Template模式</Filter>
    </ClInclude>
    <ClInclude Include="ConcreteClass2.h">
      <Filter>行为模型\Template模式</Filter>
    </ClInclude>
    <ClInclude Include="Strategy.h">
      <Filter>结构型模式\Strategy模式</Filter>
    </ClInclude>
    <ClInclude Include="ConcreteStrategyA.h">
      <Filter>结构型模式\Strategy模式</Filter>
    </ClInclude>
    <ClInclude Include="ConcreteStrategyB.h">
      <Filter>结构型模式\Strategy模式</Filter>
    </ClInclude>
    <ClInclude Include="Context.h">
      <Filter>结构型模式\Strategy模式</Filter>
    </ClInclude>
  </ItemGroup>
  <ItemGroup>
    <ClCompile Include="main.cpp" />
  </ItemGroup>
</Project>