<?xml version="1.0" encoding="utf-8"?>
<Project ToolsVersion="4.0" xmlns="http://schemas.microsoft.com/developer/msbuild/2003">
  <ItemGroup>
    <Filter Include="资源文件">
      <UniqueIdentifier>{67DA6AB6-F800-4c08-8B7A-83BB121AAD01}</UniqueIdentifier>
      <Extensions>rc;ico;cur;bmp;dlg;rc2;rct;bin;rgs;gif;jpg;jpeg;jpe;resx;tiff;tif;png;wav;mfcribbon-ms</Extensions>
    </Filter>
    <Filter Include="结构型模式">
      <UniqueIdentifier>{8817d366-fe12-4670-8143-0e5c3037317f}</UniqueIdentifier>
    </Filter>
    <Filter Include="创建型模式">
      <UniqueIdentifier>{8da72c62-6f0d-459e-81d6-c406b0f2d5d2}</UniqueIdentifier>
    </Filter>
    <Filter Include="行为模型">
      <UniqueIdentifier>{0629e131-eb16-4018-81bc-121c259a390c}</UniqueIdentifier>
    </Filter>
    <Filter Include="创建型模式\Factory模式">
      <UniqueIdentifier>{85713376-db6f-4429-8a44-fe27bb452294}</UniqueIdentifier>
    </Filter>
    <Filter Include="结构型模式\Bridge模式">
      <UniqueIdentifier>{6760f250-698c-4ac7-8776-4a3096f9e964}</UniqueIdentifier>
    </Filter>
    <Filter Include="行为模型\Template模式">
      <UniqueIdentifier>{9fa1a51a-7336-4cf4-a11d-ef30a3790b4a}</UniqueIdentifier>
    </Filter>
    <Filter Include="创建型模式\AbstractFactory模式">
      <UniqueIdentifier>{27c2dd9e-7cf2-40d3-abb0-ebb82cefd648}</UniqueIdentifier>
    </Filter>
    <Filter Include="行为模型\Memento模式">
      <UniqueIdentifier>{39c6837a-34b8-4911-ac2a-6d8eaa771706}</UniqueIdentifier>
    </Filter>
    <Filter Include="行为模型\Observer模式">
      <UniqueIdentifier>{ca649e8e-96a7-4430-b420-9fb42bfc5aa3}</UniqueIdentifier>
    </Filter>
    <Filter Include="行为模型\State模式">
      <UniqueIdentifier>{0df64283-5ef4-4d72-b2be-5de49c10f184}</UniqueIdentifier>
    </Filter>
    <Filter Include="行为模型\Strategy模式">
      <UniqueIdentifier>{6fc6cb6d-14a7-4455-a4e2-08a2e76e6670}</UniqueIdentifier>
    </Filter>
    <Filter Include="创建型模式\Singleton模式">
      <UniqueIdentifier>{ec8e4a99-9eae-4fb7-b534-94479b571a71}</UniqueIdentifier>
    </Filter>
    <Filter Include="创建型模式\Builder模式">
      <UniqueIdentifier>{33e6fa24-c9a3-4dc2-9ef7-61f3db655086}</UniqueIdentifier>
    </Filter>
  </ItemGroup>
  <ItemGroup>
    <ClInclude Include="factory\ConcreteFactory.h">
      <Filter>创建型模式\Factory模式</Filter>
    </ClInclude>
    <ClInclude Include="factory\ConcreteProduct.h">
      <Filter>创建型模式\Factory模式</Filter>
    </ClInclude>
    <ClInclude Include="factory\Factory.h">
      <Filter>创建型模式\Factory模式</Filter>
    </ClInclude>
    <ClInclude Include="factory\Product.h">
      <Filter>创建型模式\Factory模式</Filter>
    </ClInclude>
    <ClInclude Include="template\AbstractClass.h">
      <Filter>行为模型\Template模式</Filter>
    </ClInclude>
    <ClInclude Include="template\ConcreteClass1.h">
      <Filter>行为模型\Template模式</Filter>
    </ClInclude>
    <ClInclude Include="template\ConcreteClass2.h">
      <Filter>行为模型\Template模式</Filter>
    </ClInclude>
    <ClInclude Include="bridge\Abstraction.h">
      <Filter>结构型模式\Bridge模式</Filter>
    </ClInclude>
    <ClInclude Include="bridge\AbstractionImp.h">
      <Filter>结构型模式\Bridge模式</Filter>
    </ClInclude>
    <ClInclude Include="bridge\ConcreteAbstractionImpA.h">
      <Filter>结构型模式\Bridge模式</Filter>
    </ClInclude>
    <ClInclude Include="bridge\ConcreteAbstractionImpB.h">
      <Filter>结构型模式\Bridge模式</Filter>
    </ClInclude>
    <ClInclude Include="bridge\RefinedAbstraction.h">
      <Filter>结构型模式\Bridge模式</Filter>
    </ClInclude>
    <ClInclude Include="strategy\ConcreteStrategyA.h">
      <Filter>行为模型\Strategy模式</Filter>
    </ClInclude>
    <ClInclude Include="strategy\ConcreteStrategyB.h">
      <Filter>行为模型\Strategy模式</Filter>
    </ClInclude>
    <ClInclude Include="strategy\Context.h">
      <Filter>行为模型\Strategy模式</Filter>
    </ClInclude>
    <ClInclude Include="strategy\Strategy.h">
      <Filter>行为模型\Strategy模式</Filter>
    </ClInclude>
    <ClInclude Include="state\State.h">
      <Filter>行为模型\State模式</Filter>
    </ClInclude>
    <ClInclude Include="state\Context.h">
      <Filter>行为模型\State模式</Filter>
    </ClInclude>
    <ClInclude Include="observer\Observer.h">
      <Filter>行为模型\Observer模式</Filter>
    </ClInclude>
    <ClInclude Include="observer\Subject.h">
      <Filter>行为模型\Observer模式</Filter>
    </ClInclude>
    <ClInclude Include="memento\Memento.h">
      <Filter>行为模型\Memento模式</Filter>
    </ClInclude>
    <ClInclude Include="memento\Originator.h">
      <Filter>行为模型\Memento模式</Filter>
    </ClInclude>
    <ClInclude Include="abstract factory\AbstractFactory.h">
      <Filter>创建型模式\AbstractFactory模式</Filter>
    </ClInclude>
    <ClInclude Include="abstract factory\Product.h">
      <Filter>创建型模式\AbstractFactory模式</Filter>
    </ClInclude>
    <ClInclude Include="singleton\Singleton.h">
      <Filter>创建型模式\Singleton模式</Filter>
    </ClInclude>
    <ClInclude Include="builder\Builder.h">
      <Filter>创建型模式\Builder模式</Filter>
    </ClInclude>
    <ClInclude Include="builder\Director.h">
      <Filter>创建型模式\Builder模式</Filter>
    </ClInclude>
    <ClInclude Include="builder\Product.h">
      <Filter>创建型模式\Builder模式</Filter>
    </ClInclude>
  </ItemGroup>
  <ItemGroup>
    <ClCompile Include="main.cpp" />
    <ClCompile Include="state\State.cpp">
      <Filter>行为模型\State模式</Filter>
    </ClCompile>
    <ClCompile Include="state\Context.cpp">
      <Filter>行为模型\State模式</Filter>
    </ClCompile>
    <ClCompile Include="observer\Observer.cpp">
      <Filter>行为模型\Observer模式</Filter>
    </ClCompile>
    <ClCompile Include="observer\Subject.cpp">
      <Filter>行为模型\Observer模式</Filter>
    </ClCompile>
    <ClCompile Include="memento\Memento.cpp">
      <Filter>行为模型\Memento模式</Filter>
    </ClCompile>
    <ClCompile Include="memento\Originator.cpp">
      <Filter>行为模型\Memento模式</Filter>
    </ClCompile>
    <ClCompile Include="abstract factory\AbstractFactory.cpp">
      <Filter>创建型模式\AbstractFactory模式</Filter>
    </ClCompile>
    <ClCompile Include="singleton\Singleton.cpp">
      <Filter>创建型模式\Singleton模式</Filter>
    </ClCompile>
    <ClCompile Include="builder\Builder.cpp">
      <Filter>创建型模式\Builder模式</Filter>
    </ClCompile>
    <ClCompile Include="builder\Director.cpp">
      <Filter>创建型模式\Builder模式</Filter>
    </ClCompile>
  </ItemGroup>
</Project>